// !$*UTF8*$!
{
	archiveVersion = 1;
	classes = {
	};
	objectVersion = 50;
	objects = {

/* Begin PBXBuildFile section */
		4F2467EA78C7009C9194A7CA /* Pods_Motivating_RemindersTests.framework in Frameworks */ = {isa = PBXBuildFile; fileRef = 03143E4B8F4139B1E9682475 /* Pods_Motivating_RemindersTests.framework */; };
		591A02974809C30A98E4B238 /* Pods_Motivating_Reminders_Widget.framework in Frameworks */ = {isa = PBXBuildFile; fileRef = F23DCA066D314CFA9E7183F8 /* Pods_Motivating_Reminders_Widget.framework */; };
		7E180B8121CAFBF900F45EFF /* AppDelegate.swift in Sources */ = {isa = PBXBuildFile; fileRef = 7E180B8021CAFBF900F45EFF /* AppDelegate.swift */; };
		7E180B8321CAFBF900F45EFF /* Events.swift in Sources */ = {isa = PBXBuildFile; fileRef = 7E180B8221CAFBF900F45EFF /* Events.swift */; };
		7E180B8521CAFBF900F45EFF /* Overview.swift in Sources */ = {isa = PBXBuildFile; fileRef = 7E180B8421CAFBF900F45EFF /* Overview.swift */; };
		7E180B8821CAFBF900F45EFF /* Main.storyboard in Resources */ = {isa = PBXBuildFile; fileRef = 7E180B8621CAFBF900F45EFF /* Main.storyboard */; };
		7E180B8A21CAFBFB00F45EFF /* Assets.xcassets in Resources */ = {isa = PBXBuildFile; fileRef = 7E180B8921CAFBFB00F45EFF /* Assets.xcassets */; };
		7E180B8D21CAFBFB00F45EFF /* LaunchScreen.storyboard in Resources */ = {isa = PBXBuildFile; fileRef = 7E180B8B21CAFBFB00F45EFF /* LaunchScreen.storyboard */; };
		7E180B9821CAFBFB00F45EFF /* Motivating_RemindersTests.swift in Sources */ = {isa = PBXBuildFile; fileRef = 7E180B9721CAFBFB00F45EFF /* Motivating_RemindersTests.swift */; };
		7E180BA321CAFBFB00F45EFF /* Motivating_RemindersUITests.swift in Sources */ = {isa = PBXBuildFile; fileRef = 7E180BA221CAFBFB00F45EFF /* Motivating_RemindersUITests.swift */; };
		7E2508DF2202132B00D29BED /* ReminderObject.swift in Sources */ = {isa = PBXBuildFile; fileRef = 7E2508DE2202132B00D29BED /* ReminderObject.swift */; };
		7E4B549F236A0193007F873B /* ReminderObject.swift in Sources */ = {isa = PBXBuildFile; fileRef = 7E2508DE2202132B00D29BED /* ReminderObject.swift */; };
		7E4B54AF236A5B34007F873B /* Assets.xcassets in Resources */ = {isa = PBXBuildFile; fileRef = 7E180B8921CAFBFB00F45EFF /* Assets.xcassets */; };
		7E4B54B2236A6D0B007F873B /* Pods_Motivating_Reminders.framework in Frameworks */ = {isa = PBXBuildFile; fileRef = 13191C69A17DDA2500CCBE41 /* Pods_Motivating_Reminders.framework */; };
		7E4BCED722233D73006C06C2 /* Settings.swift in Sources */ = {isa = PBXBuildFile; fileRef = 7E4BCED622233D73006C06C2 /* Settings.swift */; };
		7E5DCFF32363FC2C00AEDA5D /* NotificationCenter.framework in Frameworks */ = {isa = PBXBuildFile; fileRef = 7E5DCFF22363FC2C00AEDA5D /* NotificationCenter.framework */; };
		7E5DCFF62363FC2C00AEDA5D /* TodayViewController.swift in Sources */ = {isa = PBXBuildFile; fileRef = 7E5DCFF52363FC2C00AEDA5D /* TodayViewController.swift */; };
		7E5DCFF92363FC2C00AEDA5D /* MainInterface.storyboard in Resources */ = {isa = PBXBuildFile; fileRef = 7E5DCFF72363FC2C00AEDA5D /* MainInterface.storyboard */; };
		7E5DCFFD2363FC2C00AEDA5D /* Motivating Reminders Upcoming.appex in Embed App Extensions */ = {isa = PBXBuildFile; fileRef = 7E5DCFF12363FC2C00AEDA5D /* Motivating Reminders Upcoming.appex */; settings = {ATTRIBUTES = (RemoveHeadersOnCopy, ); }; };
		7E9C04DC2207F5E70005E3E1 /* CreateEvent.swift in Sources */ = {isa = PBXBuildFile; fileRef = 7E9C04DB2207F5E70005E3E1 /* CreateEvent.swift */; };
		7EA8FDD622234E31007C5DDC /* ColorSchemeObject.swift in Sources */ = {isa = PBXBuildFile; fileRef = 7EA8FDD522234E31007C5DDC /* ColorSchemeObject.swift */; };
		7EC24111236A716E00384F9A /* ColorSchemeObject.swift in Sources */ = {isa = PBXBuildFile; fileRef = 7EA8FDD522234E31007C5DDC /* ColorSchemeObject.swift */; };
		7EF766A1220E270800209147 /* IQTextView.swift in Sources */ = {isa = PBXBuildFile; fileRef = 7EF7668B220E270800209147 /* IQTextView.swift */; };
		7EF766A2220E270800209147 /* IQPreviousNextView.swift in Sources */ = {isa = PBXBuildFile; fileRef = 7EF7668D220E270800209147 /* IQPreviousNextView.swift */; };
		7EF766A3220E270800209147 /* IQTitleBarButtonItem.swift in Sources */ = {isa = PBXBuildFile; fileRef = 7EF7668E220E270800209147 /* IQTitleBarButtonItem.swift */; };
		7EF766A4220E270800209147 /* IQBarButtonItem.swift in Sources */ = {isa = PBXBuildFile; fileRef = 7EF7668F220E270800209147 /* IQBarButtonItem.swift */; };
		7EF766A5220E270800209147 /* IQToolbar.swift in Sources */ = {isa = PBXBuildFile; fileRef = 7EF76690220E270800209147 /* IQToolbar.swift */; };
		7EF766A6220E270800209147 /* IQUIView+IQKeyboardToolbar.swift in Sources */ = {isa = PBXBuildFile; fileRef = 7EF76691220E270800209147 /* IQUIView+IQKeyboardToolbar.swift */; };
		7EF766A7220E270800209147 /* IQInvocation.swift in Sources */ = {isa = PBXBuildFile; fileRef = 7EF76692220E270800209147 /* IQInvocation.swift */; };
		7EF766A8220E270800209147 /* IQKeyboardManagerConstantsInternal.swift in Sources */ = {isa = PBXBuildFile; fileRef = 7EF76694220E270800209147 /* IQKeyboardManagerConstantsInternal.swift */; };
		7EF766A9220E270800209147 /* IQKeyboardManagerConstants.swift in Sources */ = {isa = PBXBuildFile; fileRef = 7EF76695220E270800209147 /* IQKeyboardManagerConstants.swift */; };
		7EF766AA220E270800209147 /* IQKeyboardManager.bundle in Resources */ = {isa = PBXBuildFile; fileRef = 7EF76697220E270800209147 /* IQKeyboardManager.bundle */; };
		7EF766AB220E270800209147 /* IQKeyboardReturnKeyHandler.swift in Sources */ = {isa = PBXBuildFile; fileRef = 7EF76698220E270800209147 /* IQKeyboardReturnKeyHandler.swift */; };
		7EF766AC220E270800209147 /* IQKeyboardManager.swift in Sources */ = {isa = PBXBuildFile; fileRef = 7EF76699220E270800209147 /* IQKeyboardManager.swift */; };
		7EF766AD220E270800209147 /* IQUIScrollView+Additions.swift in Sources */ = {isa = PBXBuildFile; fileRef = 7EF7669C220E270800209147 /* IQUIScrollView+Additions.swift */; };
		7EF766AE220E270800209147 /* IQUIViewController+Additions.swift in Sources */ = {isa = PBXBuildFile; fileRef = 7EF7669D220E270800209147 /* IQUIViewController+Additions.swift */; };
		7EF766AF220E270800209147 /* IQUITextFieldView+Additions.swift in Sources */ = {isa = PBXBuildFile; fileRef = 7EF7669E220E270800209147 /* IQUITextFieldView+Additions.swift */; };
		7EF766B0220E270800209147 /* IQUIView+Hierarchy.swift in Sources */ = {isa = PBXBuildFile; fileRef = 7EF7669F220E270800209147 /* IQUIView+Hierarchy.swift */; };
		7EF766B1220E270800209147 /* IQNSArray+Sort.swift in Sources */ = {isa = PBXBuildFile; fileRef = 7EF766A0220E270800209147 /* IQNSArray+Sort.swift */; };
		F0A6E11B50F00811D9407DC0 /* Pods_Motivating_RemindersUITests.framework in Frameworks */ = {isa = PBXBuildFile; fileRef = 0C7BA8DAFC043647BFEC5734 /* Pods_Motivating_RemindersUITests.framework */; };
/* End PBXBuildFile section */

/* Begin PBXContainerItemProxy section */
		7E180B9421CAFBFB00F45EFF /* PBXContainerItemProxy */ = {
			isa = PBXContainerItemProxy;
			containerPortal = 7E180B7521CAFBF900F45EFF /* Project object */;
			proxyType = 1;
			remoteGlobalIDString = 7E180B7C21CAFBF900F45EFF;
			remoteInfo = "Motivating Reminders";
		};
		7E180B9F21CAFBFB00F45EFF /* PBXContainerItemProxy */ = {
			isa = PBXContainerItemProxy;
			containerPortal = 7E180B7521CAFBF900F45EFF /* Project object */;
			proxyType = 1;
			remoteGlobalIDString = 7E180B7C21CAFBF900F45EFF;
			remoteInfo = "Motivating Reminders";
		};
		7E5DCFFB2363FC2C00AEDA5D /* PBXContainerItemProxy */ = {
			isa = PBXContainerItemProxy;
			containerPortal = 7E180B7521CAFBF900F45EFF /* Project object */;
			proxyType = 1;
			remoteGlobalIDString = 7E5DCFF02363FC2C00AEDA5D;
			remoteInfo = "Motivating Reminders Widget";
		};
/* End PBXContainerItemProxy section */

/* Begin PBXCopyFilesBuildPhase section */
		7E5DCFFE2363FC2C00AEDA5D /* Embed App Extensions */ = {
			isa = PBXCopyFilesBuildPhase;
			buildActionMask = 2147483647;
			dstPath = "";
			dstSubfolderSpec = 13;
			files = (
				7E5DCFFD2363FC2C00AEDA5D /* Motivating Reminders Upcoming.appex in Embed App Extensions */,
			);
			name = "Embed App Extensions";
			runOnlyForDeploymentPostprocessing = 0;
		};
/* End PBXCopyFilesBuildPhase section */

/* Begin PBXFileReference section */
		03143E4B8F4139B1E9682475 /* Pods_Motivating_RemindersTests.framework */ = {isa = PBXFileReference; explicitFileType = wrapper.framework; includeInIndex = 0; path = Pods_Motivating_RemindersTests.framework; sourceTree = BUILT_PRODUCTS_DIR; };
		08879877CD8A8C4AE1070516 /* Pods-Motivating RemindersTests.debug.xcconfig */ = {isa = PBXFileReference; includeInIndex = 1; lastKnownFileType = text.xcconfig; name = "Pods-Motivating RemindersTests.debug.xcconfig"; path = "Target Support Files/Pods-Motivating RemindersTests/Pods-Motivating RemindersTests.debug.xcconfig"; sourceTree = "<group>"; };
		0C7BA8DAFC043647BFEC5734 /* Pods_Motivating_RemindersUITests.framework */ = {isa = PBXFileReference; explicitFileType = wrapper.framework; includeInIndex = 0; path = Pods_Motivating_RemindersUITests.framework; sourceTree = BUILT_PRODUCTS_DIR; };
		111CC13C129C59CE5B00E18B /* Pods-Motivating RemindersTests.release.xcconfig */ = {isa = PBXFileReference; includeInIndex = 1; lastKnownFileType = text.xcconfig; name = "Pods-Motivating RemindersTests.release.xcconfig"; path = "Target Support Files/Pods-Motivating RemindersTests/Pods-Motivating RemindersTests.release.xcconfig"; sourceTree = "<group>"; };
		13191C69A17DDA2500CCBE41 /* Pods_Motivating_Reminders.framework */ = {isa = PBXFileReference; explicitFileType = wrapper.framework; includeInIndex = 0; path = Pods_Motivating_Reminders.framework; sourceTree = BUILT_PRODUCTS_DIR; };
		165BB119BA51916EDDBE1FEB /* Pods-Motivating Reminders Widget.release.xcconfig */ = {isa = PBXFileReference; includeInIndex = 1; lastKnownFileType = text.xcconfig; name = "Pods-Motivating Reminders Widget.release.xcconfig"; path = "Target Support Files/Pods-Motivating Reminders Widget/Pods-Motivating Reminders Widget.release.xcconfig"; sourceTree = "<group>"; };
		1F23D8CC396312A65E1BFDC4 /* Pods-Motivating Reminders.debug.xcconfig */ = {isa = PBXFileReference; includeInIndex = 1; lastKnownFileType = text.xcconfig; name = "Pods-Motivating Reminders.debug.xcconfig"; path = "Target Support Files/Pods-Motivating Reminders/Pods-Motivating Reminders.debug.xcconfig"; sourceTree = "<group>"; };
		26A411A489ACA604A00D6B90 /* Pods-Motivating Reminders Widget.debug.xcconfig */ = {isa = PBXFileReference; includeInIndex = 1; lastKnownFileType = text.xcconfig; name = "Pods-Motivating Reminders Widget.debug.xcconfig"; path = "Target Support Files/Pods-Motivating Reminders Widget/Pods-Motivating Reminders Widget.debug.xcconfig"; sourceTree = "<group>"; };
		4796CABF334126E0B863E31D /* Pods-Motivating Reminders.release.xcconfig */ = {isa = PBXFileReference; includeInIndex = 1; lastKnownFileType = text.xcconfig; name = "Pods-Motivating Reminders.release.xcconfig"; path = "Target Support Files/Pods-Motivating Reminders/Pods-Motivating Reminders.release.xcconfig"; sourceTree = "<group>"; };
		7E180B7D21CAFBF900F45EFF /* Motivating Reminders.app */ = {isa = PBXFileReference; explicitFileType = wrapper.application; includeInIndex = 0; path = "Motivating Reminders.app"; sourceTree = BUILT_PRODUCTS_DIR; };
		7E180B8021CAFBF900F45EFF /* AppDelegate.swift */ = {isa = PBXFileReference; lastKnownFileType = sourcecode.swift; path = AppDelegate.swift; sourceTree = "<group>"; };
		7E180B8221CAFBF900F45EFF /* Events.swift */ = {isa = PBXFileReference; lastKnownFileType = sourcecode.swift; path = Events.swift; sourceTree = "<group>"; };
		7E180B8421CAFBF900F45EFF /* Overview.swift */ = {isa = PBXFileReference; lastKnownFileType = sourcecode.swift; path = Overview.swift; sourceTree = "<group>"; };
		7E180B8721CAFBF900F45EFF /* Base */ = {isa = PBXFileReference; lastKnownFileType = file.storyboard; name = Base; path = Base.lproj/Main.storyboard; sourceTree = "<group>"; };
		7E180B8921CAFBFB00F45EFF /* Assets.xcassets */ = {isa = PBXFileReference; lastKnownFileType = folder.assetcatalog; path = Assets.xcassets; sourceTree = "<group>"; };
		7E180B8C21CAFBFB00F45EFF /* Base */ = {isa = PBXFileReference; lastKnownFileType = file.storyboard; name = Base; path = Base.lproj/LaunchScreen.storyboard; sourceTree = "<group>"; };
		7E180B8E21CAFBFB00F45EFF /* Info.plist */ = {isa = PBXFileReference; lastKnownFileType = text.plist.xml; path = Info.plist; sourceTree = "<group>"; };
		7E180B9321CAFBFB00F45EFF /* Motivating RemindersTests.xctest */ = {isa = PBXFileReference; explicitFileType = wrapper.cfbundle; includeInIndex = 0; path = "Motivating RemindersTests.xctest"; sourceTree = BUILT_PRODUCTS_DIR; };
		7E180B9721CAFBFB00F45EFF /* Motivating_RemindersTests.swift */ = {isa = PBXFileReference; lastKnownFileType = sourcecode.swift; path = Motivating_RemindersTests.swift; sourceTree = "<group>"; };
		7E180B9921CAFBFB00F45EFF /* Info.plist */ = {isa = PBXFileReference; lastKnownFileType = text.plist.xml; path = Info.plist; sourceTree = "<group>"; };
		7E180B9E21CAFBFB00F45EFF /* Motivating RemindersUITests.xctest */ = {isa = PBXFileReference; explicitFileType = wrapper.cfbundle; includeInIndex = 0; path = "Motivating RemindersUITests.xctest"; sourceTree = BUILT_PRODUCTS_DIR; };
		7E180BA221CAFBFB00F45EFF /* Motivating_RemindersUITests.swift */ = {isa = PBXFileReference; lastKnownFileType = sourcecode.swift; path = Motivating_RemindersUITests.swift; sourceTree = "<group>"; };
		7E180BA421CAFBFB00F45EFF /* Info.plist */ = {isa = PBXFileReference; lastKnownFileType = text.plist.xml; path = Info.plist; sourceTree = "<group>"; };
		7E2508DE2202132B00D29BED /* ReminderObject.swift */ = {isa = PBXFileReference; lastKnownFileType = sourcecode.swift; path = ReminderObject.swift; sourceTree = "<group>"; };
		7E4B54A1236A10A8007F873B /* Charts.framework */ = {isa = PBXFileReference; explicitFileType = wrapper.framework; path = Charts.framework; sourceTree = BUILT_PRODUCTS_DIR; };
		7E4B54AD236A3030007F873B /* Motivating Reminders.entitlements */ = {isa = PBXFileReference; lastKnownFileType = text.plist.entitlements; path = "Motivating Reminders.entitlements"; sourceTree = "<group>"; };
		7E4B54AE236A308F007F873B /* Motivating Reminders Upcoming.entitlements */ = {isa = PBXFileReference; lastKnownFileType = text.plist.entitlements; path = "Motivating Reminders Upcoming.entitlements"; sourceTree = "<group>"; };
		7E4BCED622233D73006C06C2 /* Settings.swift */ = {isa = PBXFileReference; lastKnownFileType = sourcecode.swift; path = Settings.swift; sourceTree = "<group>"; };
		7E5DCFF12363FC2C00AEDA5D /* Motivating Reminders Upcoming.appex */ = {isa = PBXFileReference; explicitFileType = "wrapper.app-extension"; includeInIndex = 0; path = "Motivating Reminders Upcoming.appex"; sourceTree = BUILT_PRODUCTS_DIR; };
		7E5DCFF22363FC2C00AEDA5D /* NotificationCenter.framework */ = {isa = PBXFileReference; lastKnownFileType = wrapper.framework; name = NotificationCenter.framework; path = System/Library/Frameworks/NotificationCenter.framework; sourceTree = SDKROOT; };
		7E5DCFF52363FC2C00AEDA5D /* TodayViewController.swift */ = {isa = PBXFileReference; lastKnownFileType = sourcecode.swift; path = TodayViewController.swift; sourceTree = "<group>"; };
		7E5DCFF82363FC2C00AEDA5D /* Base */ = {isa = PBXFileReference; lastKnownFileType = file.storyboard; name = Base; path = Base.lproj/MainInterface.storyboard; sourceTree = "<group>"; };
		7E5DCFFA2363FC2C00AEDA5D /* Info.plist */ = {isa = PBXFileReference; lastKnownFileType = text.plist.xml; path = Info.plist; sourceTree = "<group>"; };
		7E9C04DB2207F5E70005E3E1 /* CreateEvent.swift */ = {isa = PBXFileReference; lastKnownFileType = sourcecode.swift; path = CreateEvent.swift; sourceTree = "<group>"; };
		7EA8FDD522234E31007C5DDC /* ColorSchemeObject.swift */ = {isa = PBXFileReference; lastKnownFileType = sourcecode.swift; path = ColorSchemeObject.swift; sourceTree = "<group>"; };
		7EF7668B220E270800209147 /* IQTextView.swift */ = {isa = PBXFileReference; fileEncoding = 4; lastKnownFileType = sourcecode.swift; path = IQTextView.swift; sourceTree = "<group>"; };
		7EF7668D220E270800209147 /* IQPreviousNextView.swift */ = {isa = PBXFileReference; fileEncoding = 4; lastKnownFileType = sourcecode.swift; path = IQPreviousNextView.swift; sourceTree = "<group>"; };
		7EF7668E220E270800209147 /* IQTitleBarButtonItem.swift */ = {isa = PBXFileReference; fileEncoding = 4; lastKnownFileType = sourcecode.swift; path = IQTitleBarButtonItem.swift; sourceTree = "<group>"; };
		7EF7668F220E270800209147 /* IQBarButtonItem.swift */ = {isa = PBXFileReference; fileEncoding = 4; lastKnownFileType = sourcecode.swift; path = IQBarButtonItem.swift; sourceTree = "<group>"; };
		7EF76690220E270800209147 /* IQToolbar.swift */ = {isa = PBXFileReference; fileEncoding = 4; lastKnownFileType = sourcecode.swift; path = IQToolbar.swift; sourceTree = "<group>"; };
		7EF76691220E270800209147 /* IQUIView+IQKeyboardToolbar.swift */ = {isa = PBXFileReference; fileEncoding = 4; lastKnownFileType = sourcecode.swift; path = "IQUIView+IQKeyboardToolbar.swift"; sourceTree = "<group>"; };
		7EF76692220E270800209147 /* IQInvocation.swift */ = {isa = PBXFileReference; fileEncoding = 4; lastKnownFileType = sourcecode.swift; path = IQInvocation.swift; sourceTree = "<group>"; };
		7EF76694220E270800209147 /* IQKeyboardManagerConstantsInternal.swift */ = {isa = PBXFileReference; fileEncoding = 4; lastKnownFileType = sourcecode.swift; path = IQKeyboardManagerConstantsInternal.swift; sourceTree = "<group>"; };
		7EF76695220E270800209147 /* IQKeyboardManagerConstants.swift */ = {isa = PBXFileReference; fileEncoding = 4; lastKnownFileType = sourcecode.swift; path = IQKeyboardManagerConstants.swift; sourceTree = "<group>"; };
		7EF76697220E270800209147 /* IQKeyboardManager.bundle */ = {isa = PBXFileReference; lastKnownFileType = "wrapper.plug-in"; path = IQKeyboardManager.bundle; sourceTree = "<group>"; };
		7EF76698220E270800209147 /* IQKeyboardReturnKeyHandler.swift */ = {isa = PBXFileReference; fileEncoding = 4; lastKnownFileType = sourcecode.swift; path = IQKeyboardReturnKeyHandler.swift; sourceTree = "<group>"; };
		7EF76699220E270800209147 /* IQKeyboardManager.swift */ = {isa = PBXFileReference; fileEncoding = 4; lastKnownFileType = sourcecode.swift; path = IQKeyboardManager.swift; sourceTree = "<group>"; };
		7EF7669A220E270800209147 /* IQKeyboardManagerSwift.h */ = {isa = PBXFileReference; fileEncoding = 4; lastKnownFileType = sourcecode.c.h; path = IQKeyboardManagerSwift.h; sourceTree = "<group>"; };
		7EF7669C220E270800209147 /* IQUIScrollView+Additions.swift */ = {isa = PBXFileReference; fileEncoding = 4; lastKnownFileType = sourcecode.swift; path = "IQUIScrollView+Additions.swift"; sourceTree = "<group>"; };
		7EF7669D220E270800209147 /* IQUIViewController+Additions.swift */ = {isa = PBXFileReference; fileEncoding = 4; lastKnownFileType = sourcecode.swift; path = "IQUIViewController+Additions.swift"; sourceTree = "<group>"; };
		7EF7669E220E270800209147 /* IQUITextFieldView+Additions.swift */ = {isa = PBXFileReference; fileEncoding = 4; lastKnownFileType = sourcecode.swift; path = "IQUITextFieldView+Additions.swift"; sourceTree = "<group>"; };
		7EF7669F220E270800209147 /* IQUIView+Hierarchy.swift */ = {isa = PBXFileReference; fileEncoding = 4; lastKnownFileType = sourcecode.swift; path = "IQUIView+Hierarchy.swift"; sourceTree = "<group>"; };
		7EF766A0220E270800209147 /* IQNSArray+Sort.swift */ = {isa = PBXFileReference; fileEncoding = 4; lastKnownFileType = sourcecode.swift; path = "IQNSArray+Sort.swift"; sourceTree = "<group>"; };
		CFE0F8A9368FBA960F5D411D /* Pods-Motivating RemindersUITests.debug.xcconfig */ = {isa = PBXFileReference; includeInIndex = 1; lastKnownFileType = text.xcconfig; name = "Pods-Motivating RemindersUITests.debug.xcconfig"; path = "Target Support Files/Pods-Motivating RemindersUITests/Pods-Motivating RemindersUITests.debug.xcconfig"; sourceTree = "<group>"; };
		D2B43CF7A24A7B519071903D /* Pods-Motivating RemindersUITests.release.xcconfig */ = {isa = PBXFileReference; includeInIndex = 1; lastKnownFileType = text.xcconfig; name = "Pods-Motivating RemindersUITests.release.xcconfig"; path = "Target Support Files/Pods-Motivating RemindersUITests/Pods-Motivating RemindersUITests.release.xcconfig"; sourceTree = "<group>"; };
		F23DCA066D314CFA9E7183F8 /* Pods_Motivating_Reminders_Widget.framework */ = {isa = PBXFileReference; explicitFileType = wrapper.framework; includeInIndex = 0; path = Pods_Motivating_Reminders_Widget.framework; sourceTree = BUILT_PRODUCTS_DIR; };
/* End PBXFileReference section */

/* Begin PBXFrameworksBuildPhase section */
		7E180B7A21CAFBF900F45EFF /* Frameworks */ = {
			isa = PBXFrameworksBuildPhase;
			buildActionMask = 2147483647;
			files = (
				7E4B54B2236A6D0B007F873B /* Pods_Motivating_Reminders.framework in Frameworks */,
			);
			runOnlyForDeploymentPostprocessing = 0;
		};
		7E180B9021CAFBFB00F45EFF /* Frameworks */ = {
			isa = PBXFrameworksBuildPhase;
			buildActionMask = 2147483647;
			files = (
				4F2467EA78C7009C9194A7CA /* Pods_Motivating_RemindersTests.framework in Frameworks */,
			);
			runOnlyForDeploymentPostprocessing = 0;
		};
		7E180B9B21CAFBFB00F45EFF /* Frameworks */ = {
			isa = PBXFrameworksBuildPhase;
			buildActionMask = 2147483647;
			files = (
				F0A6E11B50F00811D9407DC0 /* Pods_Motivating_RemindersUITests.framework in Frameworks */,
			);
			runOnlyForDeploymentPostprocessing = 0;
		};
		7E5DCFEE2363FC2C00AEDA5D /* Frameworks */ = {
			isa = PBXFrameworksBuildPhase;
			buildActionMask = 2147483647;
			files = (
				7E5DCFF32363FC2C00AEDA5D /* NotificationCenter.framework in Frameworks */,
				591A02974809C30A98E4B238 /* Pods_Motivating_Reminders_Widget.framework in Frameworks */,
			);
			runOnlyForDeploymentPostprocessing = 0;
		};
/* End PBXFrameworksBuildPhase section */

/* Begin PBXGroup section */
		7E180B7421CAFBF900F45EFF = {
			isa = PBXGroup;
			children = (
				7E180B7F21CAFBF900F45EFF /* Motivating Reminders */,
				7E180B9621CAFBFB00F45EFF /* Motivating RemindersTests */,
				7E180BA121CAFBFB00F45EFF /* Motivating RemindersUITests */,
				7E5DCFF42363FC2C00AEDA5D /* Motivating Reminders Widget */,
				7E180B7E21CAFBF900F45EFF /* Products */,
				EA5DEA4A467837B6BD86B4FC /* Pods */,
				B66256A73A9CD996F03466D4 /* Frameworks */,
			);
			sourceTree = "<group>";
		};
		7E180B7E21CAFBF900F45EFF /* Products */ = {
			isa = PBXGroup;
			children = (
				7E180B7D21CAFBF900F45EFF /* Motivating Reminders.app */,
				7E180B9321CAFBFB00F45EFF /* Motivating RemindersTests.xctest */,
				7E180B9E21CAFBFB00F45EFF /* Motivating RemindersUITests.xctest */,
				7E5DCFF12363FC2C00AEDA5D /* Motivating Reminders Upcoming.appex */,
			);
			name = Products;
			sourceTree = "<group>";
		};
		7E180B7F21CAFBF900F45EFF /* Motivating Reminders */ = {
			isa = PBXGroup;
			children = (
				7E4B54AD236A3030007F873B /* Motivating Reminders.entitlements */,
				7E180B8021CAFBF900F45EFF /* AppDelegate.swift */,
				7E180B8221CAFBF900F45EFF /* Events.swift */,
				7E180B8421CAFBF900F45EFF /* Overview.swift */,
				7E4BCED622233D73006C06C2 /* Settings.swift */,
				7E9C04DB2207F5E70005E3E1 /* CreateEvent.swift */,
				7E180B8621CAFBF900F45EFF /* Main.storyboard */,
				7E2508DE2202132B00D29BED /* ReminderObject.swift */,
				7EA8FDD522234E31007C5DDC /* ColorSchemeObject.swift */,
				7E180B8921CAFBFB00F45EFF /* Assets.xcassets */,
				7E180B8B21CAFBFB00F45EFF /* LaunchScreen.storyboard */,
				7E180B8E21CAFBFB00F45EFF /* Info.plist */,
				7EF76689220E270800209147 /* IQKeyboardManagerSwift */,
			);
			path = "Motivating Reminders";
			sourceTree = "<group>";
		};
		7E180B9621CAFBFB00F45EFF /* Motivating RemindersTests */ = {
			isa = PBXGroup;
			children = (
				7E180B9721CAFBFB00F45EFF /* Motivating_RemindersTests.swift */,
				7E180B9921CAFBFB00F45EFF /* Info.plist */,
			);
			path = "Motivating RemindersTests";
			sourceTree = "<group>";
		};
		7E180BA121CAFBFB00F45EFF /* Motivating RemindersUITests */ = {
			isa = PBXGroup;
			children = (
				7E180BA221CAFBFB00F45EFF /* Motivating_RemindersUITests.swift */,
				7E180BA421CAFBFB00F45EFF /* Info.plist */,
			);
			path = "Motivating RemindersUITests";
			sourceTree = "<group>";
		};
		7E5DCFF42363FC2C00AEDA5D /* Motivating Reminders Widget */ = {
			isa = PBXGroup;
			children = (
				7E4B54AE236A308F007F873B /* Motivating Reminders Upcoming.entitlements */,
				7E5DCFF52363FC2C00AEDA5D /* TodayViewController.swift */,
				7E5DCFF72363FC2C00AEDA5D /* MainInterface.storyboard */,
				7E5DCFFA2363FC2C00AEDA5D /* Info.plist */,
			);
			path = "Motivating Reminders Widget";
			sourceTree = "<group>";
		};
		7EF76689220E270800209147 /* IQKeyboardManagerSwift */ = {
			isa = PBXGroup;
			children = (
				7EF7668A220E270800209147 /* IQTextView */,
				7EF7668C220E270800209147 /* IQToolbar */,
				7EF76693220E270800209147 /* Constants */,
				7EF76696220E270800209147 /* Resources */,
				7EF76698220E270800209147 /* IQKeyboardReturnKeyHandler.swift */,
				7EF76699220E270800209147 /* IQKeyboardManager.swift */,
				7EF7669A220E270800209147 /* IQKeyboardManagerSwift.h */,
				7EF7669B220E270800209147 /* Categories */,
			);
			path = IQKeyboardManagerSwift;
			sourceTree = "<group>";
		};
		7EF7668A220E270800209147 /* IQTextView */ = {
			isa = PBXGroup;
			children = (
				7EF7668B220E270800209147 /* IQTextView.swift */,
			);
			path = IQTextView;
			sourceTree = "<group>";
		};
		7EF7668C220E270800209147 /* IQToolbar */ = {
			isa = PBXGroup;
			children = (
				7EF7668D220E270800209147 /* IQPreviousNextView.swift */,
				7EF7668E220E270800209147 /* IQTitleBarButtonItem.swift */,
				7EF7668F220E270800209147 /* IQBarButtonItem.swift */,
				7EF76690220E270800209147 /* IQToolbar.swift */,
				7EF76691220E270800209147 /* IQUIView+IQKeyboardToolbar.swift */,
				7EF76692220E270800209147 /* IQInvocation.swift */,
			);
			path = IQToolbar;
			sourceTree = "<group>";
		};
		7EF76693220E270800209147 /* Constants */ = {
			isa = PBXGroup;
			children = (
				7EF76694220E270800209147 /* IQKeyboardManagerConstantsInternal.swift */,
				7EF76695220E270800209147 /* IQKeyboardManagerConstants.swift */,
			);
			path = Constants;
			sourceTree = "<group>";
		};
		7EF76696220E270800209147 /* Resources */ = {
			isa = PBXGroup;
			children = (
				7EF76697220E270800209147 /* IQKeyboardManager.bundle */,
			);
			path = Resources;
			sourceTree = "<group>";
		};
		7EF7669B220E270800209147 /* Categories */ = {
			isa = PBXGroup;
			children = (
				7EF7669C220E270800209147 /* IQUIScrollView+Additions.swift */,
				7EF7669D220E270800209147 /* IQUIViewController+Additions.swift */,
				7EF7669E220E270800209147 /* IQUITextFieldView+Additions.swift */,
				7EF7669F220E270800209147 /* IQUIView+Hierarchy.swift */,
				7EF766A0220E270800209147 /* IQNSArray+Sort.swift */,
			);
			path = Categories;
			sourceTree = "<group>";
		};
		B66256A73A9CD996F03466D4 /* Frameworks */ = {
			isa = PBXGroup;
			children = (
				7E4B54A1236A10A8007F873B /* Charts.framework */,
				13191C69A17DDA2500CCBE41 /* Pods_Motivating_Reminders.framework */,
				03143E4B8F4139B1E9682475 /* Pods_Motivating_RemindersTests.framework */,
				0C7BA8DAFC043647BFEC5734 /* Pods_Motivating_RemindersUITests.framework */,
				7E5DCFF22363FC2C00AEDA5D /* NotificationCenter.framework */,
				F23DCA066D314CFA9E7183F8 /* Pods_Motivating_Reminders_Widget.framework */,
			);
			name = Frameworks;
			sourceTree = "<group>";
		};
		EA5DEA4A467837B6BD86B4FC /* Pods */ = {
			isa = PBXGroup;
			children = (
				1F23D8CC396312A65E1BFDC4 /* Pods-Motivating Reminders.debug.xcconfig */,
				4796CABF334126E0B863E31D /* Pods-Motivating Reminders.release.xcconfig */,
				08879877CD8A8C4AE1070516 /* Pods-Motivating RemindersTests.debug.xcconfig */,
				111CC13C129C59CE5B00E18B /* Pods-Motivating RemindersTests.release.xcconfig */,
				CFE0F8A9368FBA960F5D411D /* Pods-Motivating RemindersUITests.debug.xcconfig */,
				D2B43CF7A24A7B519071903D /* Pods-Motivating RemindersUITests.release.xcconfig */,
				26A411A489ACA604A00D6B90 /* Pods-Motivating Reminders Widget.debug.xcconfig */,
				165BB119BA51916EDDBE1FEB /* Pods-Motivating Reminders Widget.release.xcconfig */,
			);
			path = Pods;
			sourceTree = "<group>";
		};
/* End PBXGroup section */

/* Begin PBXNativeTarget section */
		7E180B7C21CAFBF900F45EFF /* Motivating Reminders */ = {
			isa = PBXNativeTarget;
			buildConfigurationList = 7E180BA721CAFBFB00F45EFF /* Build configuration list for PBXNativeTarget "Motivating Reminders" */;
			buildPhases = (
				BA45B0D134A8DF3D96DAA63E /* [CP] Check Pods Manifest.lock */,
				7E180B7921CAFBF900F45EFF /* Sources */,
				7E180B7A21CAFBF900F45EFF /* Frameworks */,
				7E180B7B21CAFBF900F45EFF /* Resources */,
				FA00201C0DDD7D38DD91F0E8 /* [CP] Embed Pods Frameworks */,
				7E5DCFFE2363FC2C00AEDA5D /* Embed App Extensions */,
			);
			buildRules = (
			);
			dependencies = (
				7E5DCFFC2363FC2C00AEDA5D /* PBXTargetDependency */,
			);
			name = "Motivating Reminders";
			productName = "Motivating Reminders";
			productReference = 7E180B7D21CAFBF900F45EFF /* Motivating Reminders.app */;
			productType = "com.apple.product-type.application";
		};
		7E180B9221CAFBFB00F45EFF /* Motivating RemindersTests */ = {
			isa = PBXNativeTarget;
			buildConfigurationList = 7E180BAA21CAFBFB00F45EFF /* Build configuration list for PBXNativeTarget "Motivating RemindersTests" */;
			buildPhases = (
				7E16B9B1C2126169589F4599 /* [CP] Check Pods Manifest.lock */,
				7E180B8F21CAFBFB00F45EFF /* Sources */,
				7E180B9021CAFBFB00F45EFF /* Frameworks */,
				7E180B9121CAFBFB00F45EFF /* Resources */,
			);
			buildRules = (
			);
			dependencies = (
				7E180B9521CAFBFB00F45EFF /* PBXTargetDependency */,
			);
			name = "Motivating RemindersTests";
			productName = "Motivating RemindersTests";
			productReference = 7E180B9321CAFBFB00F45EFF /* Motivating RemindersTests.xctest */;
			productType = "com.apple.product-type.bundle.unit-test";
		};
		7E180B9D21CAFBFB00F45EFF /* Motivating RemindersUITests */ = {
			isa = PBXNativeTarget;
			buildConfigurationList = 7E180BAD21CAFBFB00F45EFF /* Build configuration list for PBXNativeTarget "Motivating RemindersUITests" */;
			buildPhases = (
				B4482C19D7BE0CABFDBF5ABF /* [CP] Check Pods Manifest.lock */,
				7E180B9A21CAFBFB00F45EFF /* Sources */,
				7E180B9B21CAFBFB00F45EFF /* Frameworks */,
				7E180B9C21CAFBFB00F45EFF /* Resources */,
			);
			buildRules = (
			);
			dependencies = (
				7E180BA021CAFBFB00F45EFF /* PBXTargetDependency */,
			);
			name = "Motivating RemindersUITests";
			productName = "Motivating RemindersUITests";
			productReference = 7E180B9E21CAFBFB00F45EFF /* Motivating RemindersUITests.xctest */;
			productType = "com.apple.product-type.bundle.ui-testing";
		};
		7E5DCFF02363FC2C00AEDA5D /* Motivating Reminders Widget */ = {
			isa = PBXNativeTarget;
			buildConfigurationList = 7E5DD0012363FC2C00AEDA5D /* Build configuration list for PBXNativeTarget "Motivating Reminders Widget" */;
			buildPhases = (
				F317DAFD32A8D40BFEEFD192 /* [CP] Check Pods Manifest.lock */,
				7E5DCFED2363FC2C00AEDA5D /* Sources */,
				7E5DCFEE2363FC2C00AEDA5D /* Frameworks */,
				7E5DCFEF2363FC2C00AEDA5D /* Resources */,
			);
			buildRules = (
			);
			dependencies = (
			);
			name = "Motivating Reminders Widget";
			productName = "Motivating Reminders Widget";
			productReference = 7E5DCFF12363FC2C00AEDA5D /* Motivating Reminders Upcoming.appex */;
			productType = "com.apple.product-type.app-extension";
		};
/* End PBXNativeTarget section */

/* Begin PBXProject section */
		7E180B7521CAFBF900F45EFF /* Project object */ = {
			isa = PBXProject;
			attributes = {
				LastSwiftUpdateCheck = 1110;
				LastUpgradeCheck = 1010;
				ORGANIZATIONNAME = "Andrew Lubinger";
				TargetAttributes = {
					7E180B7C21CAFBF900F45EFF = {
						CreatedOnToolsVersion = 10.1;
					};
					7E180B9221CAFBFB00F45EFF = {
						CreatedOnToolsVersion = 10.1;
						TestTargetID = 7E180B7C21CAFBF900F45EFF;
					};
					7E180B9D21CAFBFB00F45EFF = {
						CreatedOnToolsVersion = 10.1;
						TestTargetID = 7E180B7C21CAFBF900F45EFF;
					};
					7E5DCFF02363FC2C00AEDA5D = {
						CreatedOnToolsVersion = 11.1;
					};
				};
			};
			buildConfigurationList = 7E180B7821CAFBF900F45EFF /* Build configuration list for PBXProject "Motivating Reminders" */;
			compatibilityVersion = "Xcode 9.3";
			developmentRegion = en;
			hasScannedForEncodings = 0;
			knownRegions = (
				en,
				Base,
			);
			mainGroup = 7E180B7421CAFBF900F45EFF;
			productRefGroup = 7E180B7E21CAFBF900F45EFF /* Products */;
			projectDirPath = "";
			projectRoot = "";
			targets = (
				7E180B7C21CAFBF900F45EFF /* Motivating Reminders */,
				7E180B9221CAFBFB00F45EFF /* Motivating RemindersTests */,
				7E180B9D21CAFBFB00F45EFF /* Motivating RemindersUITests */,
				7E5DCFF02363FC2C00AEDA5D /* Motivating Reminders Widget */,
			);
		};
/* End PBXProject section */

/* Begin PBXResourcesBuildPhase section */
		7E180B7B21CAFBF900F45EFF /* Resources */ = {
			isa = PBXResourcesBuildPhase;
			buildActionMask = 2147483647;
			files = (
				7E180B8D21CAFBFB00F45EFF /* LaunchScreen.storyboard in Resources */,
				7E180B8A21CAFBFB00F45EFF /* Assets.xcassets in Resources */,
				7EF766AA220E270800209147 /* IQKeyboardManager.bundle in Resources */,
				7E180B8821CAFBF900F45EFF /* Main.storyboard in Resources */,
			);
			runOnlyForDeploymentPostprocessing = 0;
		};
		7E180B9121CAFBFB00F45EFF /* Resources */ = {
			isa = PBXResourcesBuildPhase;
			buildActionMask = 2147483647;
			files = (
			);
			runOnlyForDeploymentPostprocessing = 0;
		};
		7E180B9C21CAFBFB00F45EFF /* Resources */ = {
			isa = PBXResourcesBuildPhase;
			buildActionMask = 2147483647;
			files = (
			);
			runOnlyForDeploymentPostprocessing = 0;
		};
		7E5DCFEF2363FC2C00AEDA5D /* Resources */ = {
			isa = PBXResourcesBuildPhase;
			buildActionMask = 2147483647;
			files = (
				7E4B54AF236A5B34007F873B /* Assets.xcassets in Resources */,
				7E5DCFF92363FC2C00AEDA5D /* MainInterface.storyboard in Resources */,
			);
			runOnlyForDeploymentPostprocessing = 0;
		};
/* End PBXResourcesBuildPhase section */

/* Begin PBXShellScriptBuildPhase section */
		7E16B9B1C2126169589F4599 /* [CP] Check Pods Manifest.lock */ = {
			isa = PBXShellScriptBuildPhase;
			buildActionMask = 2147483647;
			files = (
			);
			inputFileListPaths = (
			);
			inputPaths = (
				"${PODS_PODFILE_DIR_PATH}/Podfile.lock",
				"${PODS_ROOT}/Manifest.lock",
			);
			name = "[CP] Check Pods Manifest.lock";
			outputFileListPaths = (
			);
			outputPaths = (
				"$(DERIVED_FILE_DIR)/Pods-Motivating RemindersTests-checkManifestLockResult.txt",
			);
			runOnlyForDeploymentPostprocessing = 0;
			shellPath = /bin/sh;
			shellScript = "diff \"${PODS_PODFILE_DIR_PATH}/Podfile.lock\" \"${PODS_ROOT}/Manifest.lock\" > /dev/null\nif [ $? != 0 ] ; then\n    # print error to STDERR\n    echo \"error: The sandbox is not in sync with the Podfile.lock. Run 'pod install' or update your CocoaPods installation.\" >&2\n    exit 1\nfi\n# This output is used by Xcode 'outputs' to avoid re-running this script phase.\necho \"SUCCESS\" > \"${SCRIPT_OUTPUT_FILE_0}\"\n";
			showEnvVarsInLog = 0;
		};
		B4482C19D7BE0CABFDBF5ABF /* [CP] Check Pods Manifest.lock */ = {
			isa = PBXShellScriptBuildPhase;
			buildActionMask = 2147483647;
			files = (
			);
			inputFileListPaths = (
			);
			inputPaths = (
				"${PODS_PODFILE_DIR_PATH}/Podfile.lock",
				"${PODS_ROOT}/Manifest.lock",
			);
			name = "[CP] Check Pods Manifest.lock";
			outputFileListPaths = (
			);
			outputPaths = (
				"$(DERIVED_FILE_DIR)/Pods-Motivating RemindersUITests-checkManifestLockResult.txt",
			);
			runOnlyForDeploymentPostprocessing = 0;
			shellPath = /bin/sh;
			shellScript = "diff \"${PODS_PODFILE_DIR_PATH}/Podfile.lock\" \"${PODS_ROOT}/Manifest.lock\" > /dev/null\nif [ $? != 0 ] ; then\n    # print error to STDERR\n    echo \"error: The sandbox is not in sync with the Podfile.lock. Run 'pod install' or update your CocoaPods installation.\" >&2\n    exit 1\nfi\n# This output is used by Xcode 'outputs' to avoid re-running this script phase.\necho \"SUCCESS\" > \"${SCRIPT_OUTPUT_FILE_0}\"\n";
			showEnvVarsInLog = 0;
		};
		BA45B0D134A8DF3D96DAA63E /* [CP] Check Pods Manifest.lock */ = {
			isa = PBXShellScriptBuildPhase;
			buildActionMask = 2147483647;
			files = (
			);
			inputFileListPaths = (
			);
			inputPaths = (
				"${PODS_PODFILE_DIR_PATH}/Podfile.lock",
				"${PODS_ROOT}/Manifest.lock",
			);
			name = "[CP] Check Pods Manifest.lock";
			outputFileListPaths = (
			);
			outputPaths = (
				"$(DERIVED_FILE_DIR)/Pods-Motivating Reminders-checkManifestLockResult.txt",
			);
			runOnlyForDeploymentPostprocessing = 0;
			shellPath = /bin/sh;
			shellScript = "diff \"${PODS_PODFILE_DIR_PATH}/Podfile.lock\" \"${PODS_ROOT}/Manifest.lock\" > /dev/null\nif [ $? != 0 ] ; then\n    # print error to STDERR\n    echo \"error: The sandbox is not in sync with the Podfile.lock. Run 'pod install' or update your CocoaPods installation.\" >&2\n    exit 1\nfi\n# This output is used by Xcode 'outputs' to avoid re-running this script phase.\necho \"SUCCESS\" > \"${SCRIPT_OUTPUT_FILE_0}\"\n";
			showEnvVarsInLog = 0;
		};
		F317DAFD32A8D40BFEEFD192 /* [CP] Check Pods Manifest.lock */ = {
			isa = PBXShellScriptBuildPhase;
			buildActionMask = 2147483647;
			files = (
			);
			inputFileListPaths = (
			);
			inputPaths = (
				"${PODS_PODFILE_DIR_PATH}/Podfile.lock",
				"${PODS_ROOT}/Manifest.lock",
			);
			name = "[CP] Check Pods Manifest.lock";
			outputFileListPaths = (
			);
			outputPaths = (
				"$(DERIVED_FILE_DIR)/Pods-Motivating Reminders Widget-checkManifestLockResult.txt",
			);
			runOnlyForDeploymentPostprocessing = 0;
			shellPath = /bin/sh;
			shellScript = "diff \"${PODS_PODFILE_DIR_PATH}/Podfile.lock\" \"${PODS_ROOT}/Manifest.lock\" > /dev/null\nif [ $? != 0 ] ; then\n    # print error to STDERR\n    echo \"error: The sandbox is not in sync with the Podfile.lock. Run 'pod install' or update your CocoaPods installation.\" >&2\n    exit 1\nfi\n# This output is used by Xcode 'outputs' to avoid re-running this script phase.\necho \"SUCCESS\" > \"${SCRIPT_OUTPUT_FILE_0}\"\n";
			showEnvVarsInLog = 0;
		};
		FA00201C0DDD7D38DD91F0E8 /* [CP] Embed Pods Frameworks */ = {
			isa = PBXShellScriptBuildPhase;
			buildActionMask = 2147483647;
			files = (
			);
			inputFileListPaths = (
				"${PODS_ROOT}/Target Support Files/Pods-Motivating Reminders/Pods-Motivating Reminders-frameworks-${CONFIGURATION}-input-files.xcfilelist",
			);
			name = "[CP] Embed Pods Frameworks";
			outputFileListPaths = (
				"${PODS_ROOT}/Target Support Files/Pods-Motivating Reminders/Pods-Motivating Reminders-frameworks-${CONFIGURATION}-output-files.xcfilelist",
			);
			runOnlyForDeploymentPostprocessing = 0;
			shellPath = /bin/sh;
			shellScript = "\"${PODS_ROOT}/Target Support Files/Pods-Motivating Reminders/Pods-Motivating Reminders-frameworks.sh\"\n";
			showEnvVarsInLog = 0;
		};
/* End PBXShellScriptBuildPhase section */

/* Begin PBXSourcesBuildPhase section */
		7E180B7921CAFBF900F45EFF /* Sources */ = {
			isa = PBXSourcesBuildPhase;
			buildActionMask = 2147483647;
			files = (
				7E2508DF2202132B00D29BED /* ReminderObject.swift in Sources */,
				7EF766A3220E270800209147 /* IQTitleBarButtonItem.swift in Sources */,
				7E180B8521CAFBF900F45EFF /* Overview.swift in Sources */,
				7EF766A5220E270800209147 /* IQToolbar.swift in Sources */,
				7EF766A4220E270800209147 /* IQBarButtonItem.swift in Sources */,
				7EA8FDD622234E31007C5DDC /* ColorSchemeObject.swift in Sources */,
				7EF766A2220E270800209147 /* IQPreviousNextView.swift in Sources */,
				7E9C04DC2207F5E70005E3E1 /* CreateEvent.swift in Sources */,
				7E180B8121CAFBF900F45EFF /* AppDelegate.swift in Sources */,
				7EF766B0220E270800209147 /* IQUIView+Hierarchy.swift in Sources */,
				7EF766AF220E270800209147 /* IQUITextFieldView+Additions.swift in Sources */,
				7EF766AD220E270800209147 /* IQUIScrollView+Additions.swift in Sources */,
				7EF766AC220E270800209147 /* IQKeyboardManager.swift in Sources */,
				7EF766A9220E270800209147 /* IQKeyboardManagerConstants.swift in Sources */,
				7EF766A6220E270800209147 /* IQUIView+IQKeyboardToolbar.swift in Sources */,
				7EF766B1220E270800209147 /* IQNSArray+Sort.swift in Sources */,
				7EF766AE220E270800209147 /* IQUIViewController+Additions.swift in Sources */,
				7EF766A7220E270800209147 /* IQInvocation.swift in Sources */,
				7EF766AB220E270800209147 /* IQKeyboardReturnKeyHandler.swift in Sources */,
				7E180B8321CAFBF900F45EFF /* Events.swift in Sources */,
				7EF766A8220E270800209147 /* IQKeyboardManagerConstantsInternal.swift in Sources */,
				7E4BCED722233D73006C06C2 /* Settings.swift in Sources */,
				7EF766A1220E270800209147 /* IQTextView.swift in Sources */,
			);
			runOnlyForDeploymentPostprocessing = 0;
		};
		7E180B8F21CAFBFB00F45EFF /* Sources */ = {
			isa = PBXSourcesBuildPhase;
			buildActionMask = 2147483647;
			files = (
				7E180B9821CAFBFB00F45EFF /* Motivating_RemindersTests.swift in Sources */,
			);
			runOnlyForDeploymentPostprocessing = 0;
		};
		7E180B9A21CAFBFB00F45EFF /* Sources */ = {
			isa = PBXSourcesBuildPhase;
			buildActionMask = 2147483647;
			files = (
				7E180BA321CAFBFB00F45EFF /* Motivating_RemindersUITests.swift in Sources */,
			);
			runOnlyForDeploymentPostprocessing = 0;
		};
		7E5DCFED2363FC2C00AEDA5D /* Sources */ = {
			isa = PBXSourcesBuildPhase;
			buildActionMask = 2147483647;
			files = (
				7EC24111236A716E00384F9A /* ColorSchemeObject.swift in Sources */,
				7E4B549F236A0193007F873B /* ReminderObject.swift in Sources */,
				7E5DCFF62363FC2C00AEDA5D /* TodayViewController.swift in Sources */,
			);
			runOnlyForDeploymentPostprocessing = 0;
		};
/* End PBXSourcesBuildPhase section */

/* Begin PBXTargetDependency section */
		7E180B9521CAFBFB00F45EFF /* PBXTargetDependency */ = {
			isa = PBXTargetDependency;
			target = 7E180B7C21CAFBF900F45EFF /* Motivating Reminders */;
			targetProxy = 7E180B9421CAFBFB00F45EFF /* PBXContainerItemProxy */;
		};
		7E180BA021CAFBFB00F45EFF /* PBXTargetDependency */ = {
			isa = PBXTargetDependency;
			target = 7E180B7C21CAFBF900F45EFF /* Motivating Reminders */;
			targetProxy = 7E180B9F21CAFBFB00F45EFF /* PBXContainerItemProxy */;
		};
		7E5DCFFC2363FC2C00AEDA5D /* PBXTargetDependency */ = {
			isa = PBXTargetDependency;
			target = 7E5DCFF02363FC2C00AEDA5D /* Motivating Reminders Widget */;
			targetProxy = 7E5DCFFB2363FC2C00AEDA5D /* PBXContainerItemProxy */;
		};
/* End PBXTargetDependency section */

/* Begin PBXVariantGroup section */
		7E180B8621CAFBF900F45EFF /* Main.storyboard */ = {
			isa = PBXVariantGroup;
			children = (
				7E180B8721CAFBF900F45EFF /* Base */,
			);
			name = Main.storyboard;
			sourceTree = "<group>";
		};
		7E180B8B21CAFBFB00F45EFF /* LaunchScreen.storyboard */ = {
			isa = PBXVariantGroup;
			children = (
				7E180B8C21CAFBFB00F45EFF /* Base */,
			);
			name = LaunchScreen.storyboard;
			sourceTree = "<group>";
		};
		7E5DCFF72363FC2C00AEDA5D /* MainInterface.storyboard */ = {
			isa = PBXVariantGroup;
			children = (
				7E5DCFF82363FC2C00AEDA5D /* Base */,
			);
			name = MainInterface.storyboard;
			sourceTree = "<group>";
		};
/* End PBXVariantGroup section */

/* Begin XCBuildConfiguration section */
		7E180BA521CAFBFB00F45EFF /* Debug */ = {
			isa = XCBuildConfiguration;
			buildSettings = {
				ALWAYS_SEARCH_USER_PATHS = NO;
				CLANG_ANALYZER_NONNULL = YES;
				CLANG_ANALYZER_NUMBER_OBJECT_CONVERSION = YES_AGGRESSIVE;
				CLANG_CXX_LANGUAGE_STANDARD = "gnu++14";
				CLANG_CXX_LIBRARY = "libc++";
				CLANG_ENABLE_MODULES = YES;
				CLANG_ENABLE_OBJC_ARC = YES;
				CLANG_ENABLE_OBJC_WEAK = YES;
				CLANG_WARN_BLOCK_CAPTURE_AUTORELEASING = YES;
				CLANG_WARN_BOOL_CONVERSION = YES;
				CLANG_WARN_COMMA = YES;
				CLANG_WARN_CONSTANT_CONVERSION = YES;
				CLANG_WARN_DEPRECATED_OBJC_IMPLEMENTATIONS = YES;
				CLANG_WARN_DIRECT_OBJC_ISA_USAGE = YES_ERROR;
				CLANG_WARN_DOCUMENTATION_COMMENTS = YES;
				CLANG_WARN_EMPTY_BODY = YES;
				CLANG_WARN_ENUM_CONVERSION = YES;
				CLANG_WARN_INFINITE_RECURSION = YES;
				CLANG_WARN_INT_CONVERSION = YES;
				CLANG_WARN_NON_LITERAL_NULL_CONVERSION = YES;
				CLANG_WARN_OBJC_IMPLICIT_RETAIN_SELF = YES;
				CLANG_WARN_OBJC_LITERAL_CONVERSION = YES;
				CLANG_WARN_OBJC_ROOT_CLASS = YES_ERROR;
				CLANG_WARN_RANGE_LOOP_ANALYSIS = YES;
				CLANG_WARN_STRICT_PROTOTYPES = YES;
				CLANG_WARN_SUSPICIOUS_MOVE = YES;
				CLANG_WARN_UNGUARDED_AVAILABILITY = YES_AGGRESSIVE;
				CLANG_WARN_UNREACHABLE_CODE = YES;
				CLANG_WARN__DUPLICATE_METHOD_MATCH = YES;
				CODE_SIGN_IDENTITY = "iPhone Developer";
				COPY_PHASE_STRIP = NO;
				DEBUG_INFORMATION_FORMAT = dwarf;
				ENABLE_STRICT_OBJC_MSGSEND = YES;
				ENABLE_TESTABILITY = YES;
				GCC_C_LANGUAGE_STANDARD = gnu11;
				GCC_DYNAMIC_NO_PIC = NO;
				GCC_NO_COMMON_BLOCKS = YES;
				GCC_OPTIMIZATION_LEVEL = 0;
				GCC_PREPROCESSOR_DEFINITIONS = (
					"DEBUG=1",
					"$(inherited)",
				);
				GCC_WARN_64_TO_32_BIT_CONVERSION = YES;
				GCC_WARN_ABOUT_RETURN_TYPE = YES_ERROR;
				GCC_WARN_UNDECLARED_SELECTOR = YES;
				GCC_WARN_UNINITIALIZED_AUTOS = YES_AGGRESSIVE;
				GCC_WARN_UNUSED_FUNCTION = YES;
				GCC_WARN_UNUSED_VARIABLE = YES;
				IPHONEOS_DEPLOYMENT_TARGET = 12.1;
				MTL_ENABLE_DEBUG_INFO = INCLUDE_SOURCE;
				MTL_FAST_MATH = YES;
				ONLY_ACTIVE_ARCH = YES;
				SDKROOT = iphoneos;
				SWIFT_ACTIVE_COMPILATION_CONDITIONS = DEBUG;
				SWIFT_OPTIMIZATION_LEVEL = "-Onone";
			};
			name = Debug;
		};
		7E180BA621CAFBFB00F45EFF /* Release */ = {
			isa = XCBuildConfiguration;
			buildSettings = {
				ALWAYS_SEARCH_USER_PATHS = NO;
				CLANG_ANALYZER_NONNULL = YES;
				CLANG_ANALYZER_NUMBER_OBJECT_CONVERSION = YES_AGGRESSIVE;
				CLANG_CXX_LANGUAGE_STANDARD = "gnu++14";
				CLANG_CXX_LIBRARY = "libc++";
				CLANG_ENABLE_MODULES = YES;
				CLANG_ENABLE_OBJC_ARC = YES;
				CLANG_ENABLE_OBJC_WEAK = YES;
				CLANG_WARN_BLOCK_CAPTURE_AUTORELEASING = YES;
				CLANG_WARN_BOOL_CONVERSION = YES;
				CLANG_WARN_COMMA = YES;
				CLANG_WARN_CONSTANT_CONVERSION = YES;
				CLANG_WARN_DEPRECATED_OBJC_IMPLEMENTATIONS = YES;
				CLANG_WARN_DIRECT_OBJC_ISA_USAGE = YES_ERROR;
				CLANG_WARN_DOCUMENTATION_COMMENTS = YES;
				CLANG_WARN_EMPTY_BODY = YES;
				CLANG_WARN_ENUM_CONVERSION = YES;
				CLANG_WARN_INFINITE_RECURSION = YES;
				CLANG_WARN_INT_CONVERSION = YES;
				CLANG_WARN_NON_LITERAL_NULL_CONVERSION = YES;
				CLANG_WARN_OBJC_IMPLICIT_RETAIN_SELF = YES;
				CLANG_WARN_OBJC_LITERAL_CONVERSION = YES;
				CLANG_WARN_OBJC_ROOT_CLASS = YES_ERROR;
				CLANG_WARN_RANGE_LOOP_ANALYSIS = YES;
				CLANG_WARN_STRICT_PROTOTYPES = YES;
				CLANG_WARN_SUSPICIOUS_MOVE = YES;
				CLANG_WARN_UNGUARDED_AVAILABILITY = YES_AGGRESSIVE;
				CLANG_WARN_UNREACHABLE_CODE = YES;
				CLANG_WARN__DUPLICATE_METHOD_MATCH = YES;
				CODE_SIGN_IDENTITY = "iPhone Developer";
				COPY_PHASE_STRIP = NO;
				DEBUG_INFORMATION_FORMAT = "dwarf-with-dsym";
				ENABLE_NS_ASSERTIONS = NO;
				ENABLE_STRICT_OBJC_MSGSEND = YES;
				GCC_C_LANGUAGE_STANDARD = gnu11;
				GCC_NO_COMMON_BLOCKS = YES;
				GCC_WARN_64_TO_32_BIT_CONVERSION = YES;
				GCC_WARN_ABOUT_RETURN_TYPE = YES_ERROR;
				GCC_WARN_UNDECLARED_SELECTOR = YES;
				GCC_WARN_UNINITIALIZED_AUTOS = YES_AGGRESSIVE;
				GCC_WARN_UNUSED_FUNCTION = YES;
				GCC_WARN_UNUSED_VARIABLE = YES;
				IPHONEOS_DEPLOYMENT_TARGET = 12.1;
				MTL_ENABLE_DEBUG_INFO = NO;
				MTL_FAST_MATH = YES;
				SDKROOT = iphoneos;
				SWIFT_COMPILATION_MODE = wholemodule;
				SWIFT_OPTIMIZATION_LEVEL = "-O";
				VALIDATE_PRODUCT = YES;
			};
			name = Release;
		};
		7E180BA821CAFBFB00F45EFF /* Debug */ = {
			isa = XCBuildConfiguration;
			baseConfigurationReference = 1F23D8CC396312A65E1BFDC4 /* Pods-Motivating Reminders.debug.xcconfig */;
			buildSettings = {
				ALWAYS_EMBED_SWIFT_STANDARD_LIBRARIES = YES;
				ASSETCATALOG_COMPILER_APPICON_NAME = AppIcon;
				CODE_SIGN_ENTITLEMENTS = "Motivating Reminders/Motivating Reminders.entitlements";
				CODE_SIGN_STYLE = Automatic;
				CURRENT_PROJECT_VERSION = 1;
				DEVELOPMENT_TEAM = LAFGQJ4RD8;
				INFOPLIST_FILE = "Motivating Reminders/Info.plist";
				IPHONEOS_DEPLOYMENT_TARGET = 12.1;
				LD_RUNPATH_SEARCH_PATHS = (
					"$(inherited)",
					"@executable_path/Frameworks",
				);
				MARKETING_VERSION = 1.0.2;
				PRODUCT_BUNDLE_IDENTIFIER = "com.AndrewLubinger.Motivating-Reminders";
				PRODUCT_NAME = "$(TARGET_NAME)";
				SWIFT_VERSION = 4.2;
				TARGETED_DEVICE_FAMILY = "1,2";
			};
			name = Debug;
		};
		7E180BA921CAFBFB00F45EFF /* Release */ = {
			isa = XCBuildConfiguration;
			baseConfigurationReference = 4796CABF334126E0B863E31D /* Pods-Motivating Reminders.release.xcconfig */;
			buildSettings = {
				ALWAYS_EMBED_SWIFT_STANDARD_LIBRARIES = YES;
				ASSETCATALOG_COMPILER_APPICON_NAME = AppIcon;
				CODE_SIGN_ENTITLEMENTS = "Motivating Reminders/Motivating Reminders.entitlements";
				CODE_SIGN_STYLE = Automatic;
				CURRENT_PROJECT_VERSION = 1;
				DEVELOPMENT_TEAM = LAFGQJ4RD8;
				INFOPLIST_FILE = "Motivating Reminders/Info.plist";
				IPHONEOS_DEPLOYMENT_TARGET = 12.1;
				LD_RUNPATH_SEARCH_PATHS = (
					"$(inherited)",
					"@executable_path/Frameworks",
				);
				MARKETING_VERSION = 1.0.2;
				PRODUCT_BUNDLE_IDENTIFIER = "com.AndrewLubinger.Motivating-Reminders";
				PRODUCT_NAME = "$(TARGET_NAME)";
				SWIFT_VERSION = 4.2;
				TARGETED_DEVICE_FAMILY = "1,2";
			};
			name = Release;
		};
		7E180BAB21CAFBFB00F45EFF /* Debug */ = {
			isa = XCBuildConfiguration;
			baseConfigurationReference = 08879877CD8A8C4AE1070516 /* Pods-Motivating RemindersTests.debug.xcconfig */;
			buildSettings = {
				ALWAYS_EMBED_SWIFT_STANDARD_LIBRARIES = YES;
				BUNDLE_LOADER = "$(TEST_HOST)";
				CODE_SIGN_STYLE = Automatic;
				DEVELOPMENT_TEAM = LAFGQJ4RD8;
				INFOPLIST_FILE = "Motivating RemindersTests/Info.plist";
				LD_RUNPATH_SEARCH_PATHS = (
					"$(inherited)",
					"@executable_path/Frameworks",
					"@loader_path/Frameworks",
				);
				PRODUCT_BUNDLE_IDENTIFIER = "com.AndrewLubinger.Motivating-RemindersTests";
				PRODUCT_NAME = "$(TARGET_NAME)";
				SWIFT_VERSION = 4.2;
				TARGETED_DEVICE_FAMILY = "1,2";
				TEST_HOST = "$(BUILT_PRODUCTS_DIR)/Motivating Reminders.app/Motivating Reminders";
			};
			name = Debug;
		};
		7E180BAC21CAFBFB00F45EFF /* Release */ = {
			isa = XCBuildConfiguration;
			baseConfigurationReference = 111CC13C129C59CE5B00E18B /* Pods-Motivating RemindersTests.release.xcconfig */;
			buildSettings = {
				ALWAYS_EMBED_SWIFT_STANDARD_LIBRARIES = YES;
				BUNDLE_LOADER = "$(TEST_HOST)";
				CODE_SIGN_STYLE = Automatic;
				DEVELOPMENT_TEAM = LAFGQJ4RD8;
				INFOPLIST_FILE = "Motivating RemindersTests/Info.plist";
				LD_RUNPATH_SEARCH_PATHS = (
					"$(inherited)",
					"@executable_path/Frameworks",
					"@loader_path/Frameworks",
				);
				PRODUCT_BUNDLE_IDENTIFIER = "com.AndrewLubinger.Motivating-RemindersTests";
				PRODUCT_NAME = "$(TARGET_NAME)";
				SWIFT_VERSION = 4.2;
				TARGETED_DEVICE_FAMILY = "1,2";
				TEST_HOST = "$(BUILT_PRODUCTS_DIR)/Motivating Reminders.app/Motivating Reminders";
			};
			name = Release;
		};
		7E180BAE21CAFBFB00F45EFF /* Debug */ = {
			isa = XCBuildConfiguration;
			baseConfigurationReference = CFE0F8A9368FBA960F5D411D /* Pods-Motivating RemindersUITests.debug.xcconfig */;
			buildSettings = {
				ALWAYS_EMBED_SWIFT_STANDARD_LIBRARIES = YES;
				CODE_SIGN_STYLE = Automatic;
				DEVELOPMENT_TEAM = LAFGQJ4RD8;
				INFOPLIST_FILE = "Motivating RemindersUITests/Info.plist";
				LD_RUNPATH_SEARCH_PATHS = (
					"$(inherited)",
					"@executable_path/Frameworks",
					"@loader_path/Frameworks",
				);
				PRODUCT_BUNDLE_IDENTIFIER = "com.AndrewLubinger.Motivating-RemindersUITests";
				PRODUCT_NAME = "$(TARGET_NAME)";
				SWIFT_VERSION = 4.2;
				TARGETED_DEVICE_FAMILY = "1,2";
				TEST_TARGET_NAME = "Motivating Reminders";
			};
			name = Debug;
		};
		7E180BAF21CAFBFB00F45EFF /* Release */ = {
			isa = XCBuildConfiguration;
			baseConfigurationReference = D2B43CF7A24A7B519071903D /* Pods-Motivating RemindersUITests.release.xcconfig */;
			buildSettings = {
				ALWAYS_EMBED_SWIFT_STANDARD_LIBRARIES = YES;
				CODE_SIGN_STYLE = Automatic;
				DEVELOPMENT_TEAM = LAFGQJ4RD8;
				INFOPLIST_FILE = "Motivating RemindersUITests/Info.plist";
				LD_RUNPATH_SEARCH_PATHS = (
					"$(inherited)",
					"@executable_path/Frameworks",
					"@loader_path/Frameworks",
				);
				PRODUCT_BUNDLE_IDENTIFIER = "com.AndrewLubinger.Motivating-RemindersUITests";
				PRODUCT_NAME = "$(TARGET_NAME)";
				SWIFT_VERSION = 4.2;
				TARGETED_DEVICE_FAMILY = "1,2";
				TEST_TARGET_NAME = "Motivating Reminders";
			};
			name = Release;
		};
		7E5DCFFF2363FC2C00AEDA5D /* Debug */ = {
			isa = XCBuildConfiguration;
			baseConfigurationReference = 26A411A489ACA604A00D6B90 /* Pods-Motivating Reminders Widget.debug.xcconfig */;
			buildSettings = {
				CODE_SIGN_ENTITLEMENTS = "Motivating Reminders Widget/Motivating Reminders Upcoming.entitlements";
				CODE_SIGN_STYLE = Automatic;
				DEVELOPMENT_TEAM = LAFGQJ4RD8;
				INFOPLIST_FILE = "Motivating Reminders Widget/Info.plist";
				IPHONEOS_DEPLOYMENT_TARGET = 12.1;
				LD_RUNPATH_SEARCH_PATHS = (
					"$(inherited)",
					"@executable_path/Frameworks",
					"@executable_path/../../Frameworks",
				);
				MARKETING_VERSION = 1.0.0;
				PRODUCT_BUNDLE_IDENTIFIER = "com.AndrewLubinger.Motivating-Reminders.Motivating-Reminders-Upcoming";
				PRODUCT_NAME = "Motivating Reminders Upcoming";
				SKIP_INSTALL = YES;
				SWIFT_VERSION = 5.0;
				TARGETED_DEVICE_FAMILY = "1,2";
			};
			name = Debug;
		};
		7E5DD0002363FC2C00AEDA5D /* Release */ = {
			isa = XCBuildConfiguration;
			baseConfigurationReference = 165BB119BA51916EDDBE1FEB /* Pods-Motivating Reminders Widget.release.xcconfig */;
			buildSettings = {
				CODE_SIGN_ENTITLEMENTS = "Motivating Reminders Widget/Motivating Reminders Upcoming.entitlements";
				CODE_SIGN_STYLE = Automatic;
				DEVELOPMENT_TEAM = LAFGQJ4RD8;
				INFOPLIST_FILE = "Motivating Reminders Widget/Info.plist";
				IPHONEOS_DEPLOYMENT_TARGET = 12.1;
				LD_RUNPATH_SEARCH_PATHS = (
					"$(inherited)",
					"@executable_path/Frameworks",
					"@executable_path/../../Frameworks",
				);
				MARKETING_VERSION = 1.0.0;
				PRODUCT_BUNDLE_IDENTIFIER = "com.AndrewLubinger.Motivating-Reminders.Motivating-Reminders-Upcoming";
				PRODUCT_NAME = "Motivating Reminders Upcoming";
				SKIP_INSTALL = YES;
				SWIFT_VERSION = 5.0;
				TARGETED_DEVICE_FAMILY = "1,2";
			};
			name = Release;
		};
/* End XCBuildConfiguration section */

/* Begin XCConfigurationList section */
		7E180B7821CAFBF900F45EFF /* Build configuration list for PBXProject "Motivating Reminders" */ = {
			isa = XCConfigurationList;
			buildConfigurations = (
				7E180BA521CAFBFB00F45EFF /* Debug */,
				7E180BA621CAFBFB00F45EFF /* Release */,
			);
			defaultConfigurationIsVisible = 0;
			defaultConfigurationName = Release;
		};
		7E180BA721CAFBFB00F45EFF /* Build configuration list for PBXNativeTarget "Motivating Reminders" */ = {
			isa = XCConfigurationList;
			buildConfigurations = (
				7E180BA821CAFBFB00F45EFF /* Debug */,
				7E180BA921CAFBFB00F45EFF /* Release */,
			);
			defaultConfigurationIsVisible = 0;
			defaultConfigurationName = Release;
		};
		7E180BAA21CAFBFB00F45EFF /* Build configuration list for PBXNativeTarget "Motivating RemindersTests" */ = {
			isa = XCConfigurationList;
			buildConfigurations = (
				7E180BAB21CAFBFB00F45EFF /* Debug */,
				7E180BAC21CAFBFB00F45EFF /* Release */,
			);
			defaultConfigurationIsVisible = 0;
			defaultConfigurationName = Release;
		};
		7E180BAD21CAFBFB00F45EFF /* Build configuration list for PBXNativeTarget "Motivating RemindersUITests" */ = {
			isa = XCConfigurationList;
			buildConfigurations = (
				7E180BAE21CAFBFB00F45EFF /* Debug */,
				7E180BAF21CAFBFB00F45EFF /* Release */,
			);
			defaultConfigurationIsVisible = 0;
			defaultConfigurationName = Release;
		};
		7E5DD0012363FC2C00AEDA5D /* Build configuration list for PBXNativeTarget "Motivating Reminders Widget" */ = {
			isa = XCConfigurationList;
			buildConfigurations = (
				7E5DCFFF2363FC2C00AEDA5D /* Debug */,
				7E5DD0002363FC2C00AEDA5D /* Release */,
			);
			defaultConfigurationIsVisible = 0;
			defaultConfigurationName = Release;
		};
/* End XCConfigurationList section */
	};
	rootObject = 7E180B7521CAFBF900F45EFF /* Project object */;
}
